
Microsoft Visual Studio Solution File, Format Version 11.00
# Visual Studio 2010
Project("{FAE04EC0-301F-11D3-BF4B-00C04F79EFBC}") = "MefContrib.Integration.Castle", "CastleIntegration\MefContrib.Integration.Castle\MefContrib.Integration.Castle.csproj", "{F33019BC-1D97-4034-ADE2-F0DA7B1E707B}"
EndProject
Project("{FAE04EC0-301F-11D3-BF4B-00C04F79EFBC}") = "MefContrib.Integration.Castle.Tests", "CastleIntegration\MefContrib.Integration.Castle.Tests\MefContrib.Integration.Castle.Tests.csproj", "{C32AB625-DCA6-43DD-A1B8-6A51BCB5C15B}"
EndProject
Global
	GlobalSection(SolutionConfigurationPlatforms) = preSolution
		Debug|Any CPU = Debug|Any CPU
		Release|Any CPU = Release|Any CPU
	EndGlobalSection
	GlobalSection(ProjectConfigurationPlatforms) = postSolution
		{F33019BC-1D97-4034-ADE2-F0DA7B1E707B}.Debug|Any CPU.ActiveCfg = Debug|Any CPU
		{F33019BC-1D97-4034-ADE2-F0DA7B1E707B}.Debug|Any CPU.Build.0 = Debug|Any CPU
		{F33019BC-1D97-4034-ADE2-F0DA7B1E707B}.Release|Any CPU.ActiveCfg = Release|Any CPU
		{F33019BC-1D97-4034-ADE2-F0DA7B1E707B}.Release|Any CPU.Build.0 = Release|Any CPU
		{C32AB625-DCA6-43DD-A1B8-6A51BCB5C15B}.Debug|Any CPU.ActiveCfg = Debug|Any CPU
		{C32AB625-DCA6-43DD-A1B8-6A51BCB5C15B}.Debug|Any CPU.Build.0 = Debug|Any CPU
		{C32AB625-DCA6-43DD-A1B8-6A51BCB5C15B}.Release|Any CPU.ActiveCfg = Release|Any CPU
		{C32AB625-DCA6-43DD-A1B8-6A51BCB5C15B}.Release|Any CPU.Build.0 = Release|Any CPU
	EndGlobalSection
	GlobalSection(SolutionProperties) = preSolution
		HideSolutionNode = FALSE
	EndGlobalSection
EndGlobal
